<?xml version="1.0" encoding="utf-8"?>
<Project ToolsVersion="4.0" xmlns="http://schemas.microsoft.com/developer/msbuild/2003">
  <ItemGroup>
    <Filter Include="Scene">
      <UniqueIdentifier>{2a315767-67d5-5341-a67d-88ffe329ccb2}</UniqueIdentifier>
    </Filter>
    <Filter Include="Scene\Transition">
      <UniqueIdentifier>{1032d353-a6af-5100-b4df-eaf8536b49df}</UniqueIdentifier>
    </Filter>
    <Filter Include="Character">
      <UniqueIdentifier>{6c1a2e3f-9d4b-4a7c-8e2f-3b5d6a7c8e9f}</UniqueIdentifier>
    </Filter>
    <Filter Include="Common">
      <UniqueIdentifier>{b8e4d2c3-5f6a-4d7b-8e9f-2a3b4c5d6e7f}</UniqueIdentifier>
    </Filter>
    <Filter Include="Stage">
      <UniqueIdentifier>{a7f3c1d2-4e5b-4c6a-9d8e-1f2a3b4c5d6e}</UniqueIdentifier>
    </Filter>
    <Filter Include="Weapon">
      <UniqueIdentifier>{d4e5f6a7-8b9c-4d1e-9f2a-3c4d5e6f7a8b}</UniqueIdentifier>
    </Filter>
    <Filter Include="AI">
      <UniqueIdentifier>{e5f6a7b8-9c1d-4e2f-8a3b-4d5e6f7a8b9c}</UniqueIdentifier>
    </Filter>
  </ItemGroup>
  <ItemGroup>
    <ClCompile Include="main.cpp" />
    <ClCompile Include="GameApp.cpp" />
    <ClCompile Include="Scene\SceneManager.cpp">
      <Filter>Scene</Filter>
    </ClCompile>
    <ClCompile Include="Scene\SceneFactory.cpp">
      <Filter>Scene</Filter>
    </ClCompile>
    <ClCompile Include="Scene\TitleScene.cpp">
      <Filter>Scene</Filter>
    </ClCompile>
    <ClCompile Include="Scene\GameScene.cpp">
      <Filter>Scene</Filter>
    </ClCompile>
    <ClCompile Include="Scene\Transition\BaseTransition.cpp">
      <Filter>Scene\Transition</Filter>
    </ClCompile>
    <ClCompile Include="Scene\Transition\FadeTransition.cpp">
      <Filter>Scene\Transition</Filter>
    </ClCompile>
    <ClCompile Include="Scene\Transition\TransitionManager.cpp">
      <Filter>Scene\Transition</Filter>
    </ClCompile>
    <ClCompile Include="Character\Character.cpp">
      <Filter>Character</Filter>
    </ClCompile>
    <ClCompile Include="Stage\StageGrid.cpp">
      <Filter>Stage</Filter>
    </ClCompile>
    <ClCompile Include="Weapon\UnarmedWeapon.cpp">
      <Filter>Weapon</Filter>
    </ClCompile>
    <ClCompile Include="Weapon\Pistol.cpp">
      <Filter>Weapon</Filter>
    </ClCompile>
    <ClCompile Include="Weapon\AssaultRifle.cpp">
      <Filter>Weapon</Filter>
    </ClCompile>
    <ClCompile Include="Weapon\Shotgun.cpp">
      <Filter>Weapon</Filter>
    </ClCompile>
    <ClCompile Include="Weapon\Blaster.cpp">
      <Filter>Weapon</Filter>
    </ClCompile>
    <ClCompile Include="Weapon\GrenadeLauncher.cpp">
      <Filter>Weapon</Filter>
    </ClCompile>
    <ClCompile Include="Weapon\SniperRifle.cpp">
      <Filter>Weapon</Filter>
    </ClCompile>
    <ClCompile Include="Weapon\Minigun.cpp">
      <Filter>Weapon</Filter>
    </ClCompile>
    <ClCompile Include="Weapon\HandCannon.cpp">
      <Filter>Weapon</Filter>
    </ClCompile>
    <ClCompile Include="Weapon\RicochetRifle.cpp">
      <Filter>Weapon</Filter>
    </ClCompile>
    <ClCompile Include="Weapon\ArcingProjectile.cpp">
      <Filter>Weapon</Filter>
    </ClCompile>
    <ClCompile Include="Weapon\WeaponPickup.cpp">
      <Filter>Weapon</Filter>
    </ClCompile>
    <ClCompile Include="AI\AIPerception.cpp">
      <Filter>AI</Filter>
    </ClCompile>
    <ClCompile Include="AI\AINavigation.cpp">
      <Filter>AI</Filter>
    </ClCompile>
    <ClCompile Include="AI\EnemyBrain.cpp">
      <Filter>AI</Filter>
    </ClCompile>
    <ClCompile Include="AI\PlayerModel.cpp">
      <Filter>AI</Filter>
    </ClCompile>
  </ItemGroup>
  <ItemGroup>
    <ClInclude Include="GameApp.h" />
    <ClInclude Include="Scene\SceneManager.h">
      <Filter>Scene</Filter>
    </ClInclude>
    <ClInclude Include="Scene\SceneFactory.h">
      <Filter>Scene</Filter>
    </ClInclude>
    <ClInclude Include="Scene\TitleScene.h">
      <Filter>Scene</Filter>
    </ClInclude>
    <ClInclude Include="Scene\GameScene.h">
      <Filter>Scene</Filter>
    </ClInclude>
    <ClInclude Include="Scene\Transition\BaseTransition.h">
      <Filter>Scene\Transition</Filter>
    </ClInclude>
    <ClInclude Include="Scene\Transition\FadeTransition.h">
      <Filter>Scene\Transition</Filter>
    </ClInclude>
    <ClInclude Include="Scene\Transition\TransitionManager.h">
      <Filter>Scene\Transition</Filter>
    </ClInclude>
    <ClInclude Include="Character\Character.h">
      <Filter>Character</Filter>
    </ClInclude>
    <ClInclude Include="Common\IStageQuery.h">
      <Filter>Common</Filter>
    </ClInclude>
    <ClInclude Include="Common\CharacterInput.h">
      <Filter>Common</Filter>
    </ClInclude>
    <ClInclude Include="AI\AIPerception.h">
      <Filter>AI</Filter>
    </ClInclude>
    <ClInclude Include="AI\AINavigation.h">
      <Filter>AI</Filter>
    </ClInclude>
    <ClInclude Include="AI\EnemyBrain.h">
      <Filter>AI</Filter>
    </ClInclude>
    <ClInclude Include="AI\PlayerModel.h">
      <Filter>AI</Filter>
    </ClInclude>
    <ClInclude Include="Stage\StageGrid.h">
      <Filter>Stage</Filter>
    </ClInclude>
    <ClInclude Include="Weapon\ProjectileSpawnRequest.h">
      <Filter>Weapon</Filter>
    </ClInclude>
    <ClInclude Include="Weapon\Weapon.h">
      <Filter>Weapon</Filter>
    </ClInclude>
    <ClInclude Include="Weapon\UnarmedWeapon.h">
      <Filter>Weapon</Filter>
    </ClInclude>
    <ClInclude Include="Weapon\Pistol.h">
      <Filter>Weapon</Filter>
    </ClInclude>
    <ClInclude Include="Weapon\AssaultRifle.h">
      <Filter>Weapon</Filter>
    </ClInclude>
    <ClInclude Include="Weapon\Shotgun.h">
      <Filter>Weapon</Filter>
    </ClInclude>
    <ClInclude Include="Weapon\Blaster.h">
      <Filter>Weapon</Filter>
    </ClInclude>
    <ClInclude Include="Weapon\GrenadeLauncher.h">
      <Filter>Weapon</Filter>
    </ClInclude>
    <ClInclude Include="Weapon\SniperRifle.h">
      <Filter>Weapon</Filter>
    </ClInclude>
    <ClInclude Include="Weapon\Minigun.h">
      <Filter>Weapon</Filter>
    </ClInclude>
    <ClInclude Include="Weapon\HandCannon.h">
      <Filter>Weapon</Filter>
    </ClInclude>
    <ClInclude Include="Weapon\RicochetRifle.h">
      <Filter>Weapon</Filter>
    </ClInclude>
    <ClInclude Include="Weapon\ArcingProjectile.h">
      <Filter>Weapon</Filter>
    </ClInclude>
    <ClInclude Include="Weapon\WeaponPickup.h">
      <Filter>Weapon</Filter>
    </ClInclude>
  </ItemGroup>
</Project>
